
Microsoft Visual Studio Solution File, Format Version 12.00
# Visual Studio Version 17
VisualStudioVersion = 17.4.33213.308
MinimumVisualStudioVersion = 10.0.40219.1
Project("{FAE04EC0-301F-11D3-BF4B-00C04F79EFBC}") = "LabTestingAProgram", "LabTestingAProgram\LabTestingAProgram.csproj", "{0E49FE1A-9306-409B-AC14-58C5121FD39E}"
EndProject
Global
	GlobalSection(SolutionConfigurationPlatforms) = preSolution
		Debug|Any CPU = Debug|Any CPU
		Release|Any CPU = Release|Any CPU
	EndGlobalSection
	GlobalSection(ProjectConfigurationPlatforms) = postSolution
		{0E49FE1A-9306-409B-AC14-58C5121FD39E}.Debug|Any CPU.ActiveCfg = Debug|Any CPU
		{0E49FE1A-9306-409B-AC14-58C5121FD39E}.Debug|Any CPU.Build.0 = Debug|Any CPU
		{0E49FE1A-9306-409B-AC14-58C5121FD39E}.Release|Any CPU.ActiveCfg = Release|Any CPU
		{0E49FE1A-9306-409B-AC14-58C5121FD39E}.Release|Any CPU.Build.0 = Release|Any CPU
	EndGlobalSection
	GlobalSection(SolutionProperties) = preSolution
		HideSolutionNode = FALSE
	EndGlobalSection
	GlobalSection(ExtensibilityGlobals) = postSolution
		SolutionGuid = {87EEE4B9-69C7-4519-B525-5EAF3BAC234E}
	EndGlobalSection
EndGlobal
